// !$*UTF8*$!
{
	archiveVersion = 1;
	classes = {
	};
	objectVersion = 48;
	objects = {

/* Begin PBXBuildFile section */
		9F0428A71FA6FD9600FB05D1 /* AppDelegate.swift in Sources */ = {isa = PBXBuildFile; fileRef = 9F0428A61FA6FD9600FB05D1 /* AppDelegate.swift */; };
		9F0428AB1FA6FD9600FB05D1 /* Assets.xcassets in Resources */ = {isa = PBXBuildFile; fileRef = 9F0428AA1FA6FD9600FB05D1 /* Assets.xcassets */; };
		9F0428AE1FA6FD9600FB05D1 /* Main.storyboard in Resources */ = {isa = PBXBuildFile; fileRef = 9F0428AC1FA6FD9600FB05D1 /* Main.storyboard */; };
		9F0428B71FA704A900FB05D1 /* SKWindowController.swift in Sources */ = {isa = PBXBuildFile; fileRef = 9F0428B61FA704A900FB05D1 /* SKWindowController.swift */; };
		9F168ED91FA855EF0055D961 /* SKLetfViewController.swift in Sources */ = {isa = PBXBuildFile; fileRef = 9F168ED81FA855EF0055D961 /* SKLetfViewController.swift */; };
		9F2E8EE01FA71D6D003C4B5B /* SKLeftView.swift in Sources */ = {isa = PBXBuildFile; fileRef = 9F2E8EDF1FA71D6D003C4B5B /* SKLeftView.swift */; };
		9F99A1EE1FA8151A00CCC431 /* SKWeatherController.swift in Sources */ = {isa = PBXBuildFile; fileRef = 9F99A1ED1FA8151A00CCC431 /* SKWeatherController.swift */; };
		9F99A1F01FA81D6A00CCC431 /* SKSplitViewController.swift in Sources */ = {isa = PBXBuildFile; fileRef = 9F99A1EF1FA81D6A00CCC431 /* SKSplitViewController.swift */; };
/* End PBXBuildFile section */

/* Begin PBXFileReference section */
		9F0428A31FA6FD9600FB05D1 /* SKMacOSApplication.app */ = {isa = PBXFileReference; explicitFileType = wrapper.application; includeInIndex = 0; path = SKMacOSApplication.app; sourceTree = BUILT_PRODUCTS_DIR; };
		9F0428A61FA6FD9600FB05D1 /* AppDelegate.swift */ = {isa = PBXFileReference; lastKnownFileType = sourcecode.swift; path = AppDelegate.swift; sourceTree = "<group>"; };
		9F0428AA1FA6FD9600FB05D1 /* Assets.xcassets */ = {isa = PBXFileReference; lastKnownFileType = folder.assetcatalog; path = Assets.xcassets; sourceTree = "<group>"; };
		9F0428AD1FA6FD9600FB05D1 /* Base */ = {isa = PBXFileReference; lastKnownFileType = file.storyboard; name = Base; path = Base.lproj/Main.storyboard; sourceTree = "<group>"; };
		9F0428AF1FA6FD9600FB05D1 /* Info.plist */ = {isa = PBXFileReference; lastKnownFileType = text.plist.xml; path = Info.plist; sourceTree = "<group>"; };
		9F0428B01FA6FD9600FB05D1 /* SKMacOSApplication.entitlements */ = {isa = PBXFileReference; lastKnownFileType = text.plist.entitlements; path = SKMacOSApplication.entitlements; sourceTree = "<group>"; };
		9F0428B61FA704A900FB05D1 /* SKWindowController.swift */ = {isa = PBXFileReference; lastKnownFileType = sourcecode.swift; path = SKWindowController.swift; sourceTree = "<group>"; };
		9F168ED81FA855EF0055D961 /* SKLetfViewController.swift */ = {isa = PBXFileReference; lastKnownFileType = sourcecode.swift; path = SKLetfViewController.swift; sourceTree = "<group>"; };
		9F2E8EDF1FA71D6D003C4B5B /* SKLeftView.swift */ = {isa = PBXFileReference; lastKnownFileType = sourcecode.swift; path = SKLeftView.swift; sourceTree = "<group>"; };
		9F99A1ED1FA8151A00CCC431 /* SKWeatherController.swift */ = {isa = PBXFileReference; lastKnownFileType = sourcecode.swift; path = SKWeatherController.swift; sourceTree = "<group>"; };
		9F99A1EF1FA81D6A00CCC431 /* SKSplitViewController.swift */ = {isa = PBXFileReference; lastKnownFileType = sourcecode.swift; path = SKSplitViewController.swift; sourceTree = "<group>"; };
/* End PBXFileReference section */

/* Begin PBXFrameworksBuildPhase section */
		9F0428A01FA6FD9500FB05D1 /* Frameworks */ = {
			isa = PBXFrameworksBuildPhase;
			buildActionMask = 2147483647;
			files = (
			);
			runOnlyForDeploymentPostprocessing = 0;
		};
/* End PBXFrameworksBuildPhase section */

/* Begin PBXGroup section */
		9F04289A1FA6FD9500FB05D1 = {
			isa = PBXGroup;
			children = (
				9F0428A51FA6FD9600FB05D1 /* SKMacOSApplication */,
				9F0428A41FA6FD9600FB05D1 /* Products */,
			);
			sourceTree = "<group>";
		};
		9F0428A41FA6FD9600FB05D1 /* Products */ = {
			isa = PBXGroup;
			children = (
				9F0428A31FA6FD9600FB05D1 /* SKMacOSApplication.app */,
			);
			name = Products;
			sourceTree = "<group>";
		};
		9F0428A51FA6FD9600FB05D1 /* SKMacOSApplication */ = {
			isa = PBXGroup;
			children = (
				9F168EDD1FA856550055D961 /* Root */,
				9F168EDE1FA856600055D961 /* BaseModule */,
				9F168EDC1FA8563C0055D961 /* NavigationModule */,
				9F168EDB1FA856260055D961 /* RightModule */,
				9F168EDA1FA8561B0055D961 /* LeftModule */,
				9F168EDF1FA856830055D961 /* Resource */,
				9F168EE01FA856930055D961 /* Storyboard */,
				9F168EE11FA856BA0055D961 /* Config */,
			);
			path = SKMacOSApplication;
			sourceTree = "<group>";
		};
		9F168EDA1FA8561B0055D961 /* LeftModule */ = {
			isa = PBXGroup;
			children = (
				9F168ED81FA855EF0055D961 /* SKLetfViewController.swift */,
				9F2E8EDF1FA71D6D003C4B5B /* SKLeftView.swift */,
			);
			path = LeftModule;
			sourceTree = "<group>";
		};
		9F168EDB1FA856260055D961 /* RightModule */ = {
			isa = PBXGroup;
			children = (
			);
			path = RightModule;
			sourceTree = "<group>";
		};
		9F168EDC1FA8563C0055D961 /* NavigationModule */ = {
			isa = PBXGroup;
			children = (
				9F99A1ED1FA8151A00CCC431 /* SKWeatherController.swift */,
			);
			path = NavigationModule;
			sourceTree = "<group>";
		};
		9F168EDD1FA856550055D961 /* Root */ = {
			isa = PBXGroup;
			children = (
				9F0428A61FA6FD9600FB05D1 /* AppDelegate.swift */,
				9F0428B61FA704A900FB05D1 /* SKWindowController.swift */,
			);
			path = Root;
			sourceTree = "<group>";
		};
		9F168EDE1FA856600055D961 /* BaseModule */ = {
			isa = PBXGroup;
			children = (
				9F99A1EF1FA81D6A00CCC431 /* SKSplitViewController.swift */,
			);
			path = BaseModule;
			sourceTree = "<group>";
		};
		9F168EDF1FA856830055D961 /* Resource */ = {
			isa = PBXGroup;
			children = (
				9F0428AA1FA6FD9600FB05D1 /* Assets.xcassets */,
			);
			path = Resource;
			sourceTree = "<group>";
		};
		9F168EE01FA856930055D961 /* Storyboard */ = {
			isa = PBXGroup;
			children = (
				9F0428AC1FA6FD9600FB05D1 /* Main.storyboard */,
			);
			path = Storyboard;
			sourceTree = "<group>";
		};
		9F168EE11FA856BA0055D961 /* Config */ = {
			isa = PBXGroup;
			children = (
				9F0428AF1FA6FD9600FB05D1 /* Info.plist */,
				9F0428B01FA6FD9600FB05D1 /* SKMacOSApplication.entitlements */,
			);
			path = Config;
			sourceTree = "<group>";
		};
/* End PBXGroup section */

/* Begin PBXNativeTarget section */
		9F0428A21FA6FD9500FB05D1 /* SKMacOSApplication */ = {
			isa = PBXNativeTarget;
			buildConfigurationList = 9F0428B31FA6FD9600FB05D1 /* Build configuration list for PBXNativeTarget "SKMacOSApplication" */;
			buildPhases = (
				9F04289F1FA6FD9500FB05D1 /* Sources */,
				9F0428A01FA6FD9500FB05D1 /* Frameworks */,
				9F0428A11FA6FD9500FB05D1 /* Resources */,
			);
			buildRules = (
			);
			dependencies = (
			);
			name = SKMacOSApplication;
			productName = SKMacOSApplication;
			productReference = 9F0428A31FA6FD9600FB05D1 /* SKMacOSApplication.app */;
			productType = "com.apple.product-type.application";
		};
/* End PBXNativeTarget section */

/* Begin PBXProject section */
		9F04289B1FA6FD9500FB05D1 /* Project object */ = {
			isa = PBXProject;
			attributes = {
				CLASSPREFIX = SK;
				LastSwiftUpdateCheck = 0900;
				LastUpgradeCheck = 0900;
				ORGANIZATIONNAME = ShevaKuilin;
				TargetAttributes = {
					9F0428A21FA6FD9500FB05D1 = {
						CreatedOnToolsVersion = 9.0;
						ProvisioningStyle = Automatic;
					};
				};
			};
			buildConfigurationList = 9F04289E1FA6FD9500FB05D1 /* Build configuration list for PBXProject "SKMacOSApplication" */;
			compatibilityVersion = "Xcode 8.0";
			developmentRegion = en;
			hasScannedForEncodings = 0;
			knownRegions = (
				en,
				Base,
			);
			mainGroup = 9F04289A1FA6FD9500FB05D1;
			productRefGroup = 9F0428A41FA6FD9600FB05D1 /* Products */;
			projectDirPath = "";
			projectRoot = "";
			targets = (
				9F0428A21FA6FD9500FB05D1 /* SKMacOSApplication */,
			);
		};
/* End PBXProject section */

/* Begin PBXResourcesBuildPhase section */
		9F0428A11FA6FD9500FB05D1 /* Resources */ = {
			isa = PBXResourcesBuildPhase;
			buildActionMask = 2147483647;
			files = (
				9F0428AB1FA6FD9600FB05D1 /* Assets.xcassets in Resources */,
				9F0428AE1FA6FD9600FB05D1 /* Main.storyboard in Resources */,
			);
			runOnlyForDeploymentPostprocessing = 0;
		};
/* End PBXResourcesBuildPhase section */

/* Begin PBXSourcesBuildPhase section */
		9F04289F1FA6FD9500FB05D1 /* Sources */ = {
			isa = PBXSourcesBuildPhase;
			buildActionMask = 2147483647;
			files = (
				9F0428B71FA704A900FB05D1 /* SKWindowController.swift in Sources */,
				9F0428A71FA6FD9600FB05D1 /* AppDelegate.swift in Sources */,
				9F2E8EE01FA71D6D003C4B5B /* SKLeftView.swift in Sources */,
				9F99A1F01FA81D6A00CCC431 /* SKSplitViewController.swift in Sources */,
				9F99A1EE1FA8151A00CCC431 /* SKWeatherController.swift in Sources */,
				9F168ED91FA855EF0055D961 /* SKLetfViewController.swift in Sources */,
			);
			runOnlyForDeploymentPostprocessing = 0;
		};
/* End PBXSourcesBuildPhase section */

/* Begin PBXVariantGroup section */
		9F0428AC1FA6FD9600FB05D1 /* Main.storyboard */ = {
			isa = PBXVariantGroup;
			children = (
				9F0428AD1FA6FD9600FB05D1 /* Base */,
			);
			name = Main.storyboard;
			sourceTree = "<group>";
		};
/* End PBXVariantGroup section */

/* Begin XCBuildConfiguration section */
		9F0428B11FA6FD9600FB05D1 /* Debug */ = {
			isa = XCBuildConfiguration;
			buildSettings = {
				ALWAYS_SEARCH_USER_PATHS = NO;
				CLANG_ANALYZER_NONNULL = YES;
				CLANG_ANALYZER_NUMBER_OBJECT_CONVERSION = YES_AGGRESSIVE;
				CLANG_CXX_LANGUAGE_STANDARD = "gnu++14";
				CLANG_CXX_LIBRARY = "libc++";
				CLANG_ENABLE_MODULES = YES;
				CLANG_ENABLE_OBJC_ARC = YES;
				CLANG_WARN_BLOCK_CAPTURE_AUTORELEASING = YES;
				CLANG_WARN_BOOL_CONVERSION = YES;
				CLANG_WARN_COMMA = YES;
				CLANG_WARN_CONSTANT_CONVERSION = YES;
				CLANG_WARN_DIRECT_OBJC_ISA_USAGE = YES_ERROR;
				CLANG_WARN_DOCUMENTATION_COMMENTS = YES;
				CLANG_WARN_EMPTY_BODY = YES;
				CLANG_WARN_ENUM_CONVERSION = YES;
				CLANG_WARN_INFINITE_RECURSION = YES;
				CLANG_WARN_INT_CONVERSION = YES;
				CLANG_WARN_NON_LITERAL_NULL_CONVERSION = YES;
				CLANG_WARN_OBJC_LITERAL_CONVERSION = YES;
				CLANG_WARN_OBJC_ROOT_CLASS = YES_ERROR;
				CLANG_WARN_RANGE_LOOP_ANALYSIS = YES;
				CLANG_WARN_STRICT_PROTOTYPES = YES;
				CLANG_WARN_SUSPICIOUS_MOVE = YES;
				CLANG_WARN_UNGUARDED_AVAILABILITY = YES_AGGRESSIVE;
				CLANG_WARN_UNREACHABLE_CODE = YES;
				CLANG_WARN__DUPLICATE_METHOD_MATCH = YES;
				CODE_SIGN_IDENTITY = "-";
				COPY_PHASE_STRIP = NO;
				DEBUG_INFORMATION_FORMAT = dwarf;
				ENABLE_STRICT_OBJC_MSGSEND = YES;
				ENABLE_TESTABILITY = YES;
				GCC_C_LANGUAGE_STANDARD = gnu11;
				GCC_DYNAMIC_NO_PIC = NO;
				GCC_NO_COMMON_BLOCKS = YES;
				GCC_OPTIMIZATION_LEVEL = 0;
				GCC_PREPROCESSOR_DEFINITIONS = (
					"DEBUG=1",
					"$(inherited)",
				);
				GCC_WARN_64_TO_32_BIT_CONVERSION = YES;
				GCC_WARN_ABOUT_RETURN_TYPE = YES_ERROR;
				GCC_WARN_UNDECLARED_SELECTOR = YES;
				GCC_WARN_UNINITIALIZED_AUTOS = YES_AGGRESSIVE;
				GCC_WARN_UNUSED_FUNCTION = YES;
				GCC_WARN_UNUSED_VARIABLE = YES;
				INFOPLIST_FILE = "";
				MACOSX_DEPLOYMENT_TARGET = 10.13;
				MTL_ENABLE_DEBUG_INFO = YES;
				ONLY_ACTIVE_ARCH = YES;
				SDKROOT = macosx;
				SWIFT_ACTIVE_COMPILATION_CONDITIONS = DEBUG;
				SWIFT_OPTIMIZATION_LEVEL = "-Onone";
			};
			name = Debug;
		};
		9F0428B21FA6FD9600FB05D1 /* Release */ = {
			isa = XCBuildConfiguration;
			buildSettings = {
				ALWAYS_SEARCH_USER_PATHS = NO;
				CLANG_ANALYZER_NONNULL = YES;
				CLANG_ANALYZER_NUMBER_OBJECT_CONVERSION = YES_AGGRESSIVE;
				CLANG_CXX_LANGUAGE_STANDARD = "gnu++14";
				CLANG_CXX_LIBRARY = "libc++";
				CLANG_ENABLE_MODULES = YES;
				CLANG_ENABLE_OBJC_ARC = YES;
				CLANG_WARN_BLOCK_CAPTURE_AUTORELEASING = YES;
				CLANG_WARN_BOOL_CONVERSION = YES;
				CLANG_WARN_COMMA = YES;
				CLANG_WARN_CONSTANT_CONVERSION = YES;
				CLANG_WARN_DIRECT_OBJC_ISA_USAGE = YES_ERROR;
				CLANG_WARN_DOCUMENTATION_COMMENTS = YES;
				CLANG_WARN_EMPTY_BODY = YES;
				CLANG_WARN_ENUM_CONVERSION = YES;
				CLANG_WARN_INFINITE_RECURSION = YES;
				CLANG_WARN_INT_CONVERSION = YES;
				CLANG_WARN_NON_LITERAL_NULL_CONVERSION = YES;
				CLANG_WARN_OBJC_LITERAL_CONVERSION = YES;
				CLANG_WARN_OBJC_ROOT_CLASS = YES_ERROR;
				CLANG_WARN_RANGE_LOOP_ANALYSIS = YES;
				CLANG_WARN_STRICT_PROTOTYPES = YES;
				CLANG_WARN_SUSPICIOUS_MOVE = YES;
				CLANG_WARN_UNGUARDED_AVAILABILITY = YES_AGGRESSIVE;
				CLANG_WARN_UNREACHABLE_CODE = YES;
				CLANG_WARN__DUPLICATE_METHOD_MATCH = YES;
				CODE_SIGN_IDENTITY = "-";
				COPY_PHASE_STRIP = NO;
				DEBUG_INFORMATION_FORMAT = "dwarf-with-dsym";
				ENABLE_NS_ASSERTIONS = NO;
				ENABLE_STRICT_OBJC_MSGSEND = YES;
				GCC_C_LANGUAGE_STANDARD = gnu11;
				GCC_NO_COMMON_BLOCKS = YES;
				GCC_WARN_64_TO_32_BIT_CONVERSION = YES;
				GCC_WARN_ABOUT_RETURN_TYPE = YES_ERROR;
				GCC_WARN_UNDECLARED_SELECTOR = YES;
				GCC_WARN_UNINITIALIZED_AUTOS = YES_AGGRESSIVE;
				GCC_WARN_UNUSED_FUNCTION = YES;
				GCC_WARN_UNUSED_VARIABLE = YES;
				INFOPLIST_FILE = "";
				MACOSX_DEPLOYMENT_TARGET = 10.13;
				MTL_ENABLE_DEBUG_INFO = NO;
				SDKROOT = macosx;
				SWIFT_OPTIMIZATION_LEVEL = "-Owholemodule";
			};
			name = Release;
		};
		9F0428B41FA6FD9600FB05D1 /* Debug */ = {
			isa = XCBuildConfiguration;
			buildSettings = {
				ASSETCATALOG_COMPILER_APPICON_NAME = AppIcon;
				CODE_SIGN_ENTITLEMENTS = SKMacOSApplication/Config/SKMacOSApplication.entitlements;
				CODE_SIGN_STYLE = Automatic;
				COMBINE_HIDPI_IMAGES = YES;
				INFOPLIST_FILE = SKMacOSApplication/Config/Info.plist;
				LD_RUNPATH_SEARCH_PATHS = "$(inherited) @executable_path/../Frameworks";
				PRODUCT_BUNDLE_IDENTIFIER = shevakuilin.SKMacOSApplication;
				PRODUCT_NAME = "$(TARGET_NAME)";
				SWIFT_VERSION = 4.0;
			};
			name = Debug;
		};
		9F0428B51FA6FD9600FB05D1 /* Release */ = {
			isa = XCBuildConfiguration;
			buildSettings = {
				ASSETCATALOG_COMPILER_APPICON_NAME = AppIcon;
				CODE_SIGN_ENTITLEMENTS = SKMacOSApplication/Config/SKMacOSApplication.entitlements;
				CODE_SIGN_STYLE = Automatic;
				COMBINE_HIDPI_IMAGES = YES;
				INFOPLIST_FILE = SKMacOSApplication/Config/Info.plist;
				LD_RUNPATH_SEARCH_PATHS = "$(inherited) @executable_path/../Frameworks";
				PRODUCT_BUNDLE_IDENTIFIER = shevakuilin.SKMacOSApplication;
				PRODUCT_NAME = "$(TARGET_NAME)";
				SWIFT_VERSION = 4.0;
			};
			name = Release;
		};
/* End XCBuildConfiguration section */

/* Begin XCConfigurationList section */
		9F04289E1FA6FD9500FB05D1 /* Build configuration list for PBXProject "SKMacOSApplication" */ = {
			isa = XCConfigurationList;
			buildConfigurations = (
				9F0428B11FA6FD9600FB05D1 /* Debug */,
				9F0428B21FA6FD9600FB05D1 /* Release */,
			);
			defaultConfigurationIsVisible = 0;
			defaultConfigurationName = Release;
		};
		9F0428B31FA6FD9600FB05D1 /* Build configuration list for PBXNativeTarget "SKMacOSApplication" */ = {
			isa = XCConfigurationList;
			buildConfigurations = (
				9F0428B41FA6FD9600FB05D1 /* Debug */,
				9F0428B51FA6FD9600FB05D1 /* Release */,
			);
			defaultConfigurationIsVisible = 0;
			defaultConfigurationName = Release;
		};
/* End XCConfigurationList section */
	};
	rootObject = 9F04289B1FA6FD9500FB05D1 /* Project object */;
}
